
Microsoft Visual Studio Solution File, Format Version 12.00
# Visual Studio Version 17
VisualStudioVersion = 17.3.32929.385
MinimumVisualStudioVersion = 10.0.40219.1
Project("{FAE04EC0-301F-11D3-BF4B-00C04F79EFBC}") = "SENACPTI", "SENACPTI\SENACPTI.csproj", "{736DC694-169A-4B1B-A821-D751F0EDFB05}"
EndProject
Global
	GlobalSection(SolutionConfigurationPlatforms) = preSolution
		Debug|Any CPU = Debug|Any CPU
		Release|Any CPU = Release|Any CPU
	EndGlobalSection
	GlobalSection(ProjectConfigurationPlatforms) = postSolution
		{736DC694-169A-4B1B-A821-D751F0EDFB05}.Debug|Any CPU.ActiveCfg = Debug|Any CPU
		{736DC694-169A-4B1B-A821-D751F0EDFB05}.Debug|Any CPU.Build.0 = Debug|Any CPU
		{736DC694-169A-4B1B-A821-D751F0EDFB05}.Release|Any CPU.ActiveCfg = Release|Any CPU
		{736DC694-169A-4B1B-A821-D751F0EDFB05}.Release|Any CPU.Build.0 = Release|Any CPU
	EndGlobalSection
	GlobalSection(SolutionProperties) = preSolution
		HideSolutionNode = FALSE
	EndGlobalSection
	GlobalSection(ExtensibilityGlobals) = postSolution
		SolutionGuid = {456F293A-7976-48B8-9469-42C425878188}
	EndGlobalSection
EndGlobal
